
Microsoft Visual Studio Solution File, Format Version 12.00
# Visual Studio Version 17
VisualStudioVersion = 17.0.32014.148
MinimumVisualStudioVersion = 10.0.40219.1
Project("{FAE04EC0-301F-11D3-BF4B-00C04F79EFBC}") = "Deci", "Deci.csproj", "{C8218E91-E0DC-4A72-AEB2-C57212A9CC41}"
EndProject
Global
	GlobalSection(SolutionConfigurationPlatforms) = preSolution
		Debug|Any CPU = Debug|Any CPU
		Release|Any CPU = Release|Any CPU
	EndGlobalSection
	GlobalSection(ProjectConfigurationPlatforms) = postSolution
		{C8218E91-E0DC-4A72-AEB2-C57212A9CC41}.Debug|Any CPU.ActiveCfg = Debug|Any CPU
		{C8218E91-E0DC-4A72-AEB2-C57212A9CC41}.Debug|Any CPU.Build.0 = Debug|Any CPU
		{C8218E91-E0DC-4A72-AEB2-C57212A9CC41}.Release|Any CPU.ActiveCfg = Release|Any CPU
		{C8218E91-E0DC-4A72-AEB2-C57212A9CC41}.Release|Any CPU.Build.0 = Release|Any CPU
	EndGlobalSection
	GlobalSection(SolutionProperties) = preSolution
		HideSolutionNode = FALSE
	EndGlobalSection
	GlobalSection(ExtensibilityGlobals) = postSolution
		SolutionGuid = {75134CC9-BF68-4690-A338-D937165D47CC}
	EndGlobalSection
EndGlobal
